
Microsoft Visual Studio Solution File, Format Version 12.00
# Visual Studio Version 16
VisualStudioVersion = 16.0.29519.181
MinimumVisualStudioVersion = 10.0.40219.1
Project("{FAE04EC0-301F-11D3-BF4B-00C04F79EFBC}") = "MedCalc", "MedCalc\MedCalc.csproj", "{8294AC52-F5C6-4442-8E3A-642114608BEC}"
EndProject
Project("{FAE04EC0-301F-11D3-BF4B-00C04F79EFBC}") = "MedCalcLib", "MedCalcLib\MedCalcLib.csproj", "{86745DC2-5783-47EC-AF91-9A813B545FC0}"
EndProject
Project("{9A19103F-16F7-4668-BE54-9A1E7A4F7556}") = "ConsoleMedCalc", "ConsoleMedCalc\ConsoleMedCalc.csproj", "{79A66865-30C7-4908-8364-B138D016EA6D}"
EndProject
Project("{FAE04EC0-301F-11D3-BF4B-00C04F79EFBC}") = "MedCalcTest", "MedCalcTest\MedCalcTest.csproj", "{0EEBFBFC-CD82-46A7-95F9-6DEEA3E3943A}"
EndProject
Global
	GlobalSection(SolutionConfigurationPlatforms) = preSolution
		Debug|Any CPU = Debug|Any CPU
		Release|Any CPU = Release|Any CPU
	EndGlobalSection
	GlobalSection(ProjectConfigurationPlatforms) = postSolution
		{8294AC52-F5C6-4442-8E3A-642114608BEC}.Debug|Any CPU.ActiveCfg = Debug|Any CPU
		{8294AC52-F5C6-4442-8E3A-642114608BEC}.Debug|Any CPU.Build.0 = Debug|Any CPU
		{8294AC52-F5C6-4442-8E3A-642114608BEC}.Release|Any CPU.ActiveCfg = Release|Any CPU
		{8294AC52-F5C6-4442-8E3A-642114608BEC}.Release|Any CPU.Build.0 = Release|Any CPU
		{86745DC2-5783-47EC-AF91-9A813B545FC0}.Debug|Any CPU.ActiveCfg = Debug|Any CPU
		{86745DC2-5783-47EC-AF91-9A813B545FC0}.Debug|Any CPU.Build.0 = Debug|Any CPU
		{86745DC2-5783-47EC-AF91-9A813B545FC0}.Release|Any CPU.ActiveCfg = Release|Any CPU
		{86745DC2-5783-47EC-AF91-9A813B545FC0}.Release|Any CPU.Build.0 = Release|Any CPU
		{79A66865-30C7-4908-8364-B138D016EA6D}.Debug|Any CPU.ActiveCfg = Debug|Any CPU
		{79A66865-30C7-4908-8364-B138D016EA6D}.Debug|Any CPU.Build.0 = Debug|Any CPU
		{79A66865-30C7-4908-8364-B138D016EA6D}.Release|Any CPU.ActiveCfg = Release|Any CPU
		{79A66865-30C7-4908-8364-B138D016EA6D}.Release|Any CPU.Build.0 = Release|Any CPU
		{0EEBFBFC-CD82-46A7-95F9-6DEEA3E3943A}.Debug|Any CPU.ActiveCfg = Debug|Any CPU
		{0EEBFBFC-CD82-46A7-95F9-6DEEA3E3943A}.Debug|Any CPU.Build.0 = Debug|Any CPU
		{0EEBFBFC-CD82-46A7-95F9-6DEEA3E3943A}.Release|Any CPU.ActiveCfg = Release|Any CPU
		{0EEBFBFC-CD82-46A7-95F9-6DEEA3E3943A}.Release|Any CPU.Build.0 = Release|Any CPU
	EndGlobalSection
	GlobalSection(SolutionProperties) = preSolution
		HideSolutionNode = FALSE
	EndGlobalSection
	GlobalSection(ExtensibilityGlobals) = postSolution
		SolutionGuid = {73FE7C11-49B4-4191-BF85-BB75E293C39D}
	EndGlobalSection
EndGlobal
